<?xml version="1.0" encoding="utf-8"?>
<Project ToolsVersion="4.0" xmlns="http://schemas.microsoft.com/developer/msbuild/2003">
  <ItemGroup>
    <Filter Include="Source files">
      <UniqueIdentifier>{4FC737F1-C7A5-4376-A066-2A32D752A2FF}</UniqueIdentifier>
      <Extensions>cpp;c;cc;cxx;c++;cppm;ixx;def;odl;idl;hpj;bat;asm;asmx</Extensions>
    </Filter>
    <Filter Include="Headers">
      <UniqueIdentifier>{93995380-89BD-4b04-88EB-625FBE52EBFB}</UniqueIdentifier>
      <Extensions>h;hh;hpp;hxx;h++;hm;inl;inc;ipp;xsd</Extensions>
    </Filter>
    <Filter Include="Headers\SourceSDK">
      <UniqueIdentifier>{d8a6ef08-9da6-4257-8c7d-67e1c527b1e9}</UniqueIdentifier>
    </Filter>
    <Filter Include="Updater">
      <UniqueIdentifier>{12e332a8-c4d7-48a5-ac54-91b0129ce702}</UniqueIdentifier>
    </Filter>
    <Filter Include="PCH">
      <UniqueIdentifier>{229a1279-d74c-4b1b-a60e-364adbded177}</UniqueIdentifier>
    </Filter>
  </ItemGroup>
  <ItemGroup>
    <ClCompile Include="Dota2Patcher.cpp">
      <Filter>Source files</Filter>
    </ClCompile>
    <ClCompile Include="Memory.cpp">
      <Filter>Source files</Filter>
    </ClCompile>
    <ClCompile Include="Updater\Updater.cpp">
      <Filter>Updater</Filter>
    </ClCompile>
    <ClCompile Include="pch.cpp">
      <Filter>PCH</Filter>
    </ClCompile>
  </ItemGroup>
  <ItemGroup>
    <ClInclude Include="Dota2Patcher.h">
      <Filter>Headers</Filter>
    </ClInclude>
    <ClInclude Include="ProcessHandle.h">
      <Filter>Headers</Filter>
    </ClInclude>
    <ClInclude Include="Memory.h">
      <Filter>Headers</Filter>
    </ClInclude>
    <ClInclude Include="Config.h">
      <Filter>Headers</Filter>
    </ClInclude>
    <ClInclude Include="SourceSDK\CDOTACamera.h">
      <Filter>Headers\SourceSDK</Filter>
    </ClInclude>
    <ClInclude Include="SourceSDK\CreateInterface.h">
      <Filter>Headers\SourceSDK</Filter>
    </ClInclude>
    <ClInclude Include="SourceSDK\CEngineClient.h">
      <Filter>Headers\SourceSDK</Filter>
    </ClInclude>
    <ClInclude Include="SourceSDK\interfaces.h">
      <Filter>Headers\SourceSDK</Filter>
    </ClInclude>
    <ClInclude Include="SourceSDK\CSource2Client.h">
      <Filter>Headers\SourceSDK</Filter>
    </ClInclude>
    <ClInclude Include="SourceSDK\CDOTAGamerules.h">
      <Filter>Headers\SourceSDK</Filter>
    </ClInclude>
    <ClInclude Include="SourceSDK\CGameEntitySystem.h">
      <Filter>Headers\SourceSDK</Filter>
    </ClInclude>
    <ClInclude Include="Updater\Updater.h">
      <Filter>Updater</Filter>
    </ClInclude>
    <ClInclude Include="SourceSDK\CSchemaSystem.h">
      <Filter>Headers\SourceSDK</Filter>
    </ClInclude>
    <ClInclude Include="pch.h">
      <Filter>PCH</Filter>
    </ClInclude>
    <ClInclude Include="SourceSDK\utlthash.h">
      <Filter>Headers\SourceSDK</Filter>
    </ClInclude>
  </ItemGroup>
</Project>