<?xml version="1.0" encoding="utf-8"?>
<Project ToolsVersion="4.0" xmlns="http://schemas.microsoft.com/developer/msbuild/2003">
  <ItemGroup>
    <Filter Include="Utils">
      <UniqueIdentifier>{f22df01b-e06c-41cb-8c79-c619f9134726}</UniqueIdentifier>
    </Filter>
    <Filter Include="Hacks">
      <UniqueIdentifier>{c3a963f6-7635-4fcb-8ce6-e8e3b0f3fca7}</UniqueIdentifier>
    </Filter>
    <Filter Include="UI">
      <UniqueIdentifier>{8a63d574-947d-40cb-a280-f618764deb09}</UniqueIdentifier>
    </Filter>
    <Filter Include="UI\imgui">
      <UniqueIdentifier>{51048d6a-26b3-47df-977a-4a902712d364}</UniqueIdentifier>
    </Filter>
    <Filter Include="SourceSDK">
      <UniqueIdentifier>{d8a6ef08-9da6-4257-8c7d-67e1c527b1e9}</UniqueIdentifier>
    </Filter>
    <Filter Include="pch">
      <UniqueIdentifier>{229a1279-d74c-4b1b-a60e-364adbded177}</UniqueIdentifier>
    </Filter>
  </ItemGroup>
  <ItemGroup>
    <ClCompile Include="pch.cpp">
      <Filter>pch</Filter>
    </ClCompile>
    <ClCompile Include="Utils\Memory.cpp">
      <Filter>Utils</Filter>
    </ClCompile>
    <ClCompile Include="Utils\Updater.cpp">
      <Filter>Utils</Filter>
    </ClCompile>
    <ClCompile Include="Hacks\Entities.cpp">
      <Filter>Hacks</Filter>
    </ClCompile>
    <ClCompile Include="Hacks\Worker.cpp">
      <Filter>Hacks</Filter>
    </ClCompile>
    <ClCompile Include="Hacks\Convars.cpp">
      <Filter>Hacks</Filter>
    </ClCompile>
    <ClCompile Include="Hacks\Patches.cpp">
      <Filter>Hacks</Filter>
    </ClCompile>
    <ClCompile Include="UI\imgui\imgui_draw.cpp">
      <Filter>UI\imgui</Filter>
    </ClCompile>
    <ClCompile Include="UI\imgui\imgui_impl_dx11.cpp">
      <Filter>UI\imgui</Filter>
    </ClCompile>
    <ClCompile Include="UI\imgui\imgui_impl_win32.cpp">
      <Filter>UI\imgui</Filter>
    </ClCompile>
    <ClCompile Include="UI\imgui\imgui_tables.cpp">
      <Filter>UI\imgui</Filter>
    </ClCompile>
    <ClCompile Include="UI\imgui\imgui_widgets.cpp">
      <Filter>UI\imgui</Filter>
    </ClCompile>
    <ClCompile Include="UI\imgui\imgui.cpp">
      <Filter>UI\imgui</Filter>
    </ClCompile>
    <ClCompile Include="Dota2Patcher.cpp" />
  </ItemGroup>
  <ItemGroup>
    <ClInclude Include="SourceSDK\CreateInterface.h">
      <Filter>SourceSDK</Filter>
    </ClInclude>
    <ClInclude Include="SourceSDK\CEngineClient.h">
      <Filter>SourceSDK</Filter>
    </ClInclude>
    <ClInclude Include="SourceSDK\interfaces.h">
      <Filter>SourceSDK</Filter>
    </ClInclude>
    <ClInclude Include="SourceSDK\CSource2Client.h">
      <Filter>SourceSDK</Filter>
    </ClInclude>
    <ClInclude Include="SourceSDK\CDOTAGamerules.h">
      <Filter>SourceSDK</Filter>
    </ClInclude>
    <ClInclude Include="SourceSDK\CGameEntitySystem.h">
      <Filter>SourceSDK</Filter>
    </ClInclude>
    <ClInclude Include="SourceSDK\CSchemaSystem.h">
      <Filter>SourceSDK</Filter>
    </ClInclude>
    <ClInclude Include="pch.h">
      <Filter>pch</Filter>
    </ClInclude>
    <ClInclude Include="Utils\Memory.h">
      <Filter>Utils</Filter>
    </ClInclude>
    <ClInclude Include="Utils\ProcessHandle.h">
      <Filter>Utils</Filter>
    </ClInclude>
    <ClInclude Include="Utils\Updater.h">
      <Filter>Utils</Filter>
    </ClInclude>
    <ClInclude Include="Utils\Utils.h">
      <Filter>Utils</Filter>
    </ClInclude>
    <ClInclude Include="SourceSDK\C_DOTATeam.h">
      <Filter>SourceSDK</Filter>
    </ClInclude>
    <ClInclude Include="SourceSDK\CBaseEntity.h">
      <Filter>SourceSDK</Filter>
    </ClInclude>
    <ClInclude Include="SourceSDK\CEntityIdentity.h">
      <Filter>SourceSDK</Filter>
    </ClInclude>
    <ClInclude Include="Hacks\Hacks.h">
      <Filter>Hacks</Filter>
    </ClInclude>
    <ClInclude Include="SourceSDK\C_DOTAPlayerController.h">
      <Filter>SourceSDK</Filter>
    </ClInclude>
    <ClInclude Include="SourceSDK\CHandle.h">
      <Filter>SourceSDK</Filter>
    </ClInclude>
    <ClInclude Include="SourceSDK\CCvar.h">
      <Filter>SourceSDK</Filter>
    </ClInclude>
    <ClInclude Include="SourceSDK\Defenitions.h">
      <Filter>SourceSDK</Filter>
    </ClInclude>
    <ClInclude Include="SourceSDK\CDOTACamera.h">
      <Filter>SourceSDK</Filter>
    </ClInclude>
    <ClInclude Include="Utils\Config.h">
      <Filter>Utils</Filter>
    </ClInclude>
    <ClInclude Include="UI\imgui\imgui_impl_dx11.h">
      <Filter>UI\imgui</Filter>
    </ClInclude>
    <ClInclude Include="UI\imgui\imgui_impl_win32.h">
      <Filter>UI\imgui</Filter>
    </ClInclude>
    <ClInclude Include="UI\imgui\imgui_internal.h">
      <Filter>UI\imgui</Filter>
    </ClInclude>
    <ClInclude Include="UI\imgui\imstb_rectpack.h">
      <Filter>UI\imgui</Filter>
    </ClInclude>
    <ClInclude Include="UI\imgui\imstb_textedit.h">
      <Filter>UI\imgui</Filter>
    </ClInclude>
    <ClInclude Include="UI\imgui\imstb_truetype.h">
      <Filter>UI\imgui</Filter>
    </ClInclude>
    <ClInclude Include="UI\imgui\imconfig.h">
      <Filter>UI\imgui</Filter>
    </ClInclude>
    <ClInclude Include="UI\imgui\imgui.h">
      <Filter>UI\imgui</Filter>
    </ClInclude>
    <ClInclude Include="Dota2Patcher.h" />
    <ClInclude Include="Utils\Scanner.h">
      <Filter>Utils</Filter>
    </ClInclude>
  </ItemGroup>
</Project>